
Microsoft Visual Studio Solution File, Format Version 12.00
# Visual Studio Version 16
VisualStudioVersion = 16.0.33529.622
MinimumVisualStudioVersion = 10.0.40219.1
Project("{FAE04EC0-301F-11D3-BF4B-00C04F79EFBC}") = "OrderingSystem", "OrderingSystem\OrderingSystem.csproj", "{A626B593-62E3-4C03-880C-294F70FDE2DE}"
EndProject
Global
	GlobalSection(SolutionConfigurationPlatforms) = preSolution
		Debug|Any CPU = Debug|Any CPU
		Release|Any CPU = Release|Any CPU
	EndGlobalSection
	GlobalSection(ProjectConfigurationPlatforms) = postSolution
		{A626B593-62E3-4C03-880C-294F70FDE2DE}.Debug|Any CPU.ActiveCfg = Debug|Any CPU
		{A626B593-62E3-4C03-880C-294F70FDE2DE}.Debug|Any CPU.Build.0 = Debug|Any CPU
		{A626B593-62E3-4C03-880C-294F70FDE2DE}.Release|Any CPU.ActiveCfg = Release|Any CPU
		{A626B593-62E3-4C03-880C-294F70FDE2DE}.Release|Any CPU.Build.0 = Release|Any CPU
	EndGlobalSection
	GlobalSection(SolutionProperties) = preSolution
		HideSolutionNode = FALSE
	EndGlobalSection
	GlobalSection(ExtensibilityGlobals) = postSolution
		SolutionGuid = {FDCA48A6-D865-4A3C-BB34-25B0C8A2AFCB}
	EndGlobalSection
EndGlobal
